
Microsoft Visual Studio Solution File, Format Version 12.00
# Visual Studio Version 16
VisualStudioVersion = 16.0.33529.622
MinimumVisualStudioVersion = 10.0.40219.1
Project("{FAE04EC0-301F-11D3-BF4B-00C04F79EFBC}") = "CarroCRUD", "CarroCRUD\CarroCRUD.csproj", "{151543DB-7081-4B86-85F7-1C81432E7CE6}"
EndProject
Global
	GlobalSection(SolutionConfigurationPlatforms) = preSolution
		Debug|Any CPU = Debug|Any CPU
		Release|Any CPU = Release|Any CPU
	EndGlobalSection
	GlobalSection(ProjectConfigurationPlatforms) = postSolution
		{151543DB-7081-4B86-85F7-1C81432E7CE6}.Debug|Any CPU.ActiveCfg = Debug|Any CPU
		{151543DB-7081-4B86-85F7-1C81432E7CE6}.Debug|Any CPU.Build.0 = Debug|Any CPU
		{151543DB-7081-4B86-85F7-1C81432E7CE6}.Release|Any CPU.ActiveCfg = Release|Any CPU
		{151543DB-7081-4B86-85F7-1C81432E7CE6}.Release|Any CPU.Build.0 = Release|Any CPU
	EndGlobalSection
	GlobalSection(SolutionProperties) = preSolution
		HideSolutionNode = FALSE
	EndGlobalSection
	GlobalSection(ExtensibilityGlobals) = postSolution
		SolutionGuid = {0A9141B2-808C-404F-AD98-4AF6C3A86668}
	EndGlobalSection
EndGlobal
