
Microsoft Visual Studio Solution File, Format Version 12.00
# Visual Studio Version 16
VisualStudioVersion = 16.0.33529.622
MinimumVisualStudioVersion = 10.0.40219.1
Project("{FAE04EC0-301F-11D3-BF4B-00C04F79EFBC}") = "CooperativaMVC", "CooperativaMVC\CooperativaMVC.csproj", "{D2A6AC09-6B4D-4FD2-B94C-0978FEA71C45}"
EndProject
Global
	GlobalSection(SolutionConfigurationPlatforms) = preSolution
		Debug|Any CPU = Debug|Any CPU
		Release|Any CPU = Release|Any CPU
	EndGlobalSection
	GlobalSection(ProjectConfigurationPlatforms) = postSolution
		{D2A6AC09-6B4D-4FD2-B94C-0978FEA71C45}.Debug|Any CPU.ActiveCfg = Debug|Any CPU
		{D2A6AC09-6B4D-4FD2-B94C-0978FEA71C45}.Debug|Any CPU.Build.0 = Debug|Any CPU
		{D2A6AC09-6B4D-4FD2-B94C-0978FEA71C45}.Release|Any CPU.ActiveCfg = Release|Any CPU
		{D2A6AC09-6B4D-4FD2-B94C-0978FEA71C45}.Release|Any CPU.Build.0 = Release|Any CPU
	EndGlobalSection
	GlobalSection(SolutionProperties) = preSolution
		HideSolutionNode = FALSE
	EndGlobalSection
	GlobalSection(ExtensibilityGlobals) = postSolution
		SolutionGuid = {00983923-067C-4588-8EA7-E3335C63B2D8}
	EndGlobalSection
EndGlobal
